
Microsoft Visual Studio Solution File, Format Version 12.00
# Visual Studio Version 16
VisualStudioVersion = 16.0.30413.136
MinimumVisualStudioVersion = 10.0.40219.1
Project("{8BC9CEB8-8B4A-11D0-8D11-00A0C91BC942}") = "easyxDraw", "easyxDraw.vcxproj", "{DEA76618-874B-4294-88DF-8E1495782928}"
EndProject
Global
	GlobalSection(SolutionConfigurationPlatforms) = preSolution
		Debug|x64 = Debug|x64
		Debug|x86 = Debug|x86
		Release|x64 = Release|x64
		Release|x86 = Release|x86
	EndGlobalSection
	GlobalSection(ProjectConfigurationPlatforms) = postSolution
		{DEA76618-874B-4294-88DF-8E1495782928}.Debug|x64.ActiveCfg = Debug|x64
		{DEA76618-874B-4294-88DF-8E1495782928}.Debug|x64.Build.0 = Debug|x64
		{DEA76618-874B-4294-88DF-8E1495782928}.Debug|x86.ActiveCfg = Debug|Win32
		{DEA76618-874B-4294-88DF-8E1495782928}.Debug|x86.Build.0 = Debug|Win32
		{DEA76618-874B-4294-88DF-8E1495782928}.Release|x64.ActiveCfg = Release|x64
		{DEA76618-874B-4294-88DF-8E1495782928}.Release|x64.Build.0 = Release|x64
		{DEA76618-874B-4294-88DF-8E1495782928}.Release|x86.ActiveCfg = Release|Win32
		{DEA76618-874B-4294-88DF-8E1495782928}.Release|x86.Build.0 = Release|Win32
	EndGlobalSection
	GlobalSection(SolutionProperties) = preSolution
		HideSolutionNode = FALSE
	EndGlobalSection
	GlobalSection(ExtensibilityGlobals) = postSolution
		SolutionGuid = {AC02DFE2-B7FF-4819-A67E-C8D5018E7769}
	EndGlobalSection
EndGlobal
